
Microsoft Visual Studio Solution File, Format Version 12.00
# Visual Studio Version 17
VisualStudioVersion = 17.3.32901.215
MinimumVisualStudioVersion = 10.0.40219.1
Project("{FAE04EC0-301F-11D3-BF4B-00C04F79EFBC}") = "test_asp1", "test_asp1\test_asp1.csproj", "{FEC7E086-FAA0-4A56-ACE2-A25C85DA9C86}"
EndProject
Global
	GlobalSection(SolutionConfigurationPlatforms) = preSolution
		Debug|Any CPU = Debug|Any CPU
		Release|Any CPU = Release|Any CPU
	EndGlobalSection
	GlobalSection(ProjectConfigurationPlatforms) = postSolution
		{FEC7E086-FAA0-4A56-ACE2-A25C85DA9C86}.Debug|Any CPU.ActiveCfg = Debug|Any CPU
		{FEC7E086-FAA0-4A56-ACE2-A25C85DA9C86}.Debug|Any CPU.Build.0 = Debug|Any CPU
		{FEC7E086-FAA0-4A56-ACE2-A25C85DA9C86}.Release|Any CPU.ActiveCfg = Release|Any CPU
		{FEC7E086-FAA0-4A56-ACE2-A25C85DA9C86}.Release|Any CPU.Build.0 = Release|Any CPU
	EndGlobalSection
	GlobalSection(SolutionProperties) = preSolution
		HideSolutionNode = FALSE
	EndGlobalSection
	GlobalSection(ExtensibilityGlobals) = postSolution
		SolutionGuid = {A00CB578-B1DE-4554-9EAC-A45A73F1C63D}
	EndGlobalSection
EndGlobal
